
Microsoft Visual Studio Solution File, Format Version 12.00
# Visual Studio Version 17
VisualStudioVersion = 17.9.34616.47
MinimumVisualStudioVersion = 10.0.40219.1
Project("{FAE04EC0-301F-11D3-BF4B-00C04F79EFBC}") = "Cars4U", "Cars4U.csproj", "{763672A6-D520-49E9-879F-A734E0508F16}"
EndProject
Global
	GlobalSection(SolutionConfigurationPlatforms) = preSolution
		Debug|Any CPU = Debug|Any CPU
		Release|Any CPU = Release|Any CPU
	EndGlobalSection
	GlobalSection(ProjectConfigurationPlatforms) = postSolution
		{763672A6-D520-49E9-879F-A734E0508F16}.Debug|Any CPU.ActiveCfg = Debug|Any CPU
		{763672A6-D520-49E9-879F-A734E0508F16}.Debug|Any CPU.Build.0 = Debug|Any CPU
		{763672A6-D520-49E9-879F-A734E0508F16}.Release|Any CPU.ActiveCfg = Release|Any CPU
		{763672A6-D520-49E9-879F-A734E0508F16}.Release|Any CPU.Build.0 = Release|Any CPU
	EndGlobalSection
	GlobalSection(SolutionProperties) = preSolution
		HideSolutionNode = FALSE
	EndGlobalSection
	GlobalSection(ExtensibilityGlobals) = postSolution
		SolutionGuid = {0EDB0F07-7047-40A0-8EFB-D57C6B2A1D16}
	EndGlobalSection
EndGlobal
